// !$*UTF8*$!
{
	archiveVersion = 1;
	classes = {
	};
	objectVersion = 56;
	objects = {

/* Begin PBXBuildFile section */
		343D566B29A51A6500E17014 /* RestroomCreationState.swift in Sources */ = {isa = PBXBuildFile; fileRef = 343D566A29A51A6500E17014 /* RestroomCreationState.swift */; };
		343D566E29A689D800E17014 /* RestroomSearchLoadingState.swift in Sources */ = {isa = PBXBuildFile; fileRef = 343D566D29A689D800E17014 /* RestroomSearchLoadingState.swift */; };
		3453CF0D299704C700AA3B98 /* RestroomCreationView.swift in Sources */ = {isa = PBXBuildFile; fileRef = 3453CF0C299704C700AA3B98 /* RestroomCreationView.swift */; };
		3453CF0F2997094100AA3B98 /* RestroomBuilder.swift in Sources */ = {isa = PBXBuildFile; fileRef = 3453CF0E2997094100AA3B98 /* RestroomBuilder.swift */; };
		3453CF1229970AD300AA3B98 /* RestroomCreationViewModel.swift in Sources */ = {isa = PBXBuildFile; fileRef = 3453CF1129970AD300AA3B98 /* RestroomCreationViewModel.swift */; };
		3453CF1429970AFD00AA3B98 /* RestroomCreationService.swift in Sources */ = {isa = PBXBuildFile; fileRef = 3453CF1329970AFD00AA3B98 /* RestroomCreationService.swift */; };
		34C17C862990666400831417 /* Location.swift in Sources */ = {isa = PBXBuildFile; fileRef = 34C17C852990666400831417 /* Location.swift */; };
		34C17C8C299066C100831417 /* LocationManager.swift in Sources */ = {isa = PBXBuildFile; fileRef = 34C17C8B299066C100831417 /* LocationManager.swift */; };
		871EEA9329832FE400A3B09E /* p01_loocatorApp.swift in Sources */ = {isa = PBXBuildFile; fileRef = 871EEA9229832FE400A3B09E /* p01_loocatorApp.swift */; };
		871EEA9529832FE400A3B09E /* ContentView.swift in Sources */ = {isa = PBXBuildFile; fileRef = 871EEA9429832FE400A3B09E /* ContentView.swift */; };
		871EEA9729832FE500A3B09E /* Assets.xcassets in Resources */ = {isa = PBXBuildFile; fileRef = 871EEA9629832FE500A3B09E /* Assets.xcassets */; };
		871EEA9A29832FE500A3B09E /* Preview Assets.xcassets in Resources */ = {isa = PBXBuildFile; fileRef = 871EEA9929832FE500A3B09E /* Preview Assets.xcassets */; };
		871EEAA2298330BC00A3B09E /* RestroomSearchView.swift in Sources */ = {isa = PBXBuildFile; fileRef = 871EEAA1298330BC00A3B09E /* RestroomSearchView.swift */; };
		871EEAA4298330C800A3B09E /* RestroomSearchService.swift in Sources */ = {isa = PBXBuildFile; fileRef = 871EEAA3298330C800A3B09E /* RestroomSearchService.swift */; };
		871EEAA6298330CF00A3B09E /* RestroomSearchViewModel.swift in Sources */ = {isa = PBXBuildFile; fileRef = 871EEAA5298330CF00A3B09E /* RestroomSearchViewModel.swift */; };
		871EEAA9298331E100A3B09E /* Restroom.swift in Sources */ = {isa = PBXBuildFile; fileRef = 871EEAA8298331E100A3B09E /* Restroom.swift */; };
/* End PBXBuildFile section */

/* Begin PBXFileReference section */
		343D566A29A51A6500E17014 /* RestroomCreationState.swift */ = {isa = PBXFileReference; lastKnownFileType = sourcecode.swift; path = RestroomCreationState.swift; sourceTree = "<group>"; };
		343D566C29A53C9400E17014 /* Info.plist */ = {isa = PBXFileReference; lastKnownFileType = text.plist; path = Info.plist; sourceTree = "<group>"; };
		343D566D29A689D800E17014 /* RestroomSearchLoadingState.swift */ = {isa = PBXFileReference; lastKnownFileType = sourcecode.swift; path = RestroomSearchLoadingState.swift; sourceTree = "<group>"; };
		3453CF0C299704C700AA3B98 /* RestroomCreationView.swift */ = {isa = PBXFileReference; lastKnownFileType = sourcecode.swift; path = RestroomCreationView.swift; sourceTree = "<group>"; };
		3453CF0E2997094100AA3B98 /* RestroomBuilder.swift */ = {isa = PBXFileReference; lastKnownFileType = sourcecode.swift; path = RestroomBuilder.swift; sourceTree = "<group>"; };
		3453CF1129970AD300AA3B98 /* RestroomCreationViewModel.swift */ = {isa = PBXFileReference; lastKnownFileType = sourcecode.swift; path = RestroomCreationViewModel.swift; sourceTree = "<group>"; };
		3453CF1329970AFD00AA3B98 /* RestroomCreationService.swift */ = {isa = PBXFileReference; lastKnownFileType = sourcecode.swift; path = RestroomCreationService.swift; sourceTree = "<group>"; };
		34C17C852990666400831417 /* Location.swift */ = {isa = PBXFileReference; lastKnownFileType = sourcecode.swift; path = Location.swift; sourceTree = "<group>"; };
		34C17C8B299066C100831417 /* LocationManager.swift */ = {isa = PBXFileReference; lastKnownFileType = sourcecode.swift; path = LocationManager.swift; sourceTree = "<group>"; };
		871EEA8F29832FE400A3B09E /* p01-loocator.app */ = {isa = PBXFileReference; explicitFileType = wrapper.application; includeInIndex = 0; path = "p01-loocator.app"; sourceTree = BUILT_PRODUCTS_DIR; };
		871EEA9229832FE400A3B09E /* p01_loocatorApp.swift */ = {isa = PBXFileReference; lastKnownFileType = sourcecode.swift; path = p01_loocatorApp.swift; sourceTree = "<group>"; };
		871EEA9429832FE400A3B09E /* ContentView.swift */ = {isa = PBXFileReference; lastKnownFileType = sourcecode.swift; path = ContentView.swift; sourceTree = "<group>"; };
		871EEA9629832FE500A3B09E /* Assets.xcassets */ = {isa = PBXFileReference; lastKnownFileType = folder.assetcatalog; path = Assets.xcassets; sourceTree = "<group>"; };
		871EEA9929832FE500A3B09E /* Preview Assets.xcassets */ = {isa = PBXFileReference; lastKnownFileType = folder.assetcatalog; path = "Preview Assets.xcassets"; sourceTree = "<group>"; };
		871EEAA1298330BC00A3B09E /* RestroomSearchView.swift */ = {isa = PBXFileReference; lastKnownFileType = sourcecode.swift; path = RestroomSearchView.swift; sourceTree = "<group>"; };
		871EEAA3298330C800A3B09E /* RestroomSearchService.swift */ = {isa = PBXFileReference; lastKnownFileType = sourcecode.swift; path = RestroomSearchService.swift; sourceTree = "<group>"; };
		871EEAA5298330CF00A3B09E /* RestroomSearchViewModel.swift */ = {isa = PBXFileReference; lastKnownFileType = sourcecode.swift; path = RestroomSearchViewModel.swift; sourceTree = "<group>"; };
		871EEAA8298331E100A3B09E /* Restroom.swift */ = {isa = PBXFileReference; lastKnownFileType = sourcecode.swift; path = Restroom.swift; sourceTree = "<group>"; };
/* End PBXFileReference section */

/* Begin PBXFrameworksBuildPhase section */
		871EEA8C29832FE400A3B09E /* Frameworks */ = {
			isa = PBXFrameworksBuildPhase;
			buildActionMask = 2147483647;
			files = (
			);
			runOnlyForDeploymentPostprocessing = 0;
		};
/* End PBXFrameworksBuildPhase section */

/* Begin PBXGroup section */
		3453CF1029970AAE00AA3B98 /* New Bathroom Creation */ = {
			isa = PBXGroup;
			children = (
				343D566A29A51A6500E17014 /* RestroomCreationState.swift */,
				3453CF0C299704C700AA3B98 /* RestroomCreationView.swift */,
				3453CF1129970AD300AA3B98 /* RestroomCreationViewModel.swift */,
				3453CF1329970AFD00AA3B98 /* RestroomCreationService.swift */,
			);
			path = "New Bathroom Creation";
			sourceTree = "<group>";
		};
		34C17C8A2990668C00831417 /* LocationSearch */ = {
			isa = PBXGroup;
			children = (
				34C17C8B299066C100831417 /* LocationManager.swift */,
			);
			path = LocationSearch;
			sourceTree = "<group>";
		};
		871EEA8629832FE400A3B09E = {
			isa = PBXGroup;
			children = (
				871EEA9129832FE400A3B09E /* p01-loocator */,
				871EEA9029832FE400A3B09E /* Products */,
			);
			sourceTree = "<group>";
		};
		871EEA9029832FE400A3B09E /* Products */ = {
			isa = PBXGroup;
			children = (
				871EEA8F29832FE400A3B09E /* p01-loocator.app */,
			);
			name = Products;
			sourceTree = "<group>";
		};
		871EEA9129832FE400A3B09E /* p01-loocator */ = {
			isa = PBXGroup;
			children = (
				871EEA9229832FE400A3B09E /* p01_loocatorApp.swift */,
				871EEA9429832FE400A3B09E /* ContentView.swift */,
				871EEAA7298331B300A3B09E /* Models */,
				3453CF1029970AAE00AA3B98 /* New Bathroom Creation */,
				871EEAA0298330A100A3B09E /* Restroom Search */,
				34C17C8A2990668C00831417 /* LocationSearch */,
				871EEA9829832FE500A3B09E /* Preview Content */,
				871EEA9629832FE500A3B09E /* Assets.xcassets */,
				343D566C29A53C9400E17014 /* Info.plist */,
			);
			path = "p01-loocator";
			sourceTree = "<group>";
		};
		871EEA9829832FE500A3B09E /* Preview Content */ = {
			isa = PBXGroup;
			children = (
				871EEA9929832FE500A3B09E /* Preview Assets.xcassets */,
			);
			path = "Preview Content";
			sourceTree = "<group>";
		};
		871EEAA0298330A100A3B09E /* Restroom Search */ = {
			isa = PBXGroup;
			children = (
				871EEAA5298330CF00A3B09E /* RestroomSearchViewModel.swift */,
				871EEAA1298330BC00A3B09E /* RestroomSearchView.swift */,
				871EEAA3298330C800A3B09E /* RestroomSearchService.swift */,
				343D566D29A689D800E17014 /* RestroomSearchLoadingState.swift */,
			);
			path = "Restroom Search";
			sourceTree = "<group>";
		};
		871EEAA7298331B300A3B09E /* Models */ = {
			isa = PBXGroup;
			children = (
				871EEAA8298331E100A3B09E /* Restroom.swift */,
				3453CF0E2997094100AA3B98 /* RestroomBuilder.swift */,
				34C17C852990666400831417 /* Location.swift */,
			);
			path = Models;
			sourceTree = "<group>";
		};
/* End PBXGroup section */

/* Begin PBXNativeTarget section */
		871EEA8E29832FE400A3B09E /* p01-loocator */ = {
			isa = PBXNativeTarget;
			buildConfigurationList = 871EEA9D29832FE500A3B09E /* Build configuration list for PBXNativeTarget "p01-loocator" */;
			buildPhases = (
				871EEA8B29832FE400A3B09E /* Sources */,
				871EEA8C29832FE400A3B09E /* Frameworks */,
				871EEA8D29832FE400A3B09E /* Resources */,
			);
			buildRules = (
			);
			dependencies = (
			);
			name = "p01-loocator";
			productName = "p01-loocator";
			productReference = 871EEA8F29832FE400A3B09E /* p01-loocator.app */;
			productType = "com.apple.product-type.application";
		};
/* End PBXNativeTarget section */

/* Begin PBXProject section */
		871EEA8729832FE400A3B09E /* Project object */ = {
			isa = PBXProject;
			attributes = {
				BuildIndependentTargetsInParallel = 1;
				LastSwiftUpdateCheck = 1420;
				LastUpgradeCheck = 1420;
				TargetAttributes = {
					871EEA8E29832FE400A3B09E = {
						CreatedOnToolsVersion = 14.2;
					};
				};
			};
			buildConfigurationList = 871EEA8A29832FE400A3B09E /* Build configuration list for PBXProject "p01-loocator" */;
			compatibilityVersion = "Xcode 14.0";
			developmentRegion = en;
			hasScannedForEncodings = 0;
			knownRegions = (
				en,
				Base,
			);
			mainGroup = 871EEA8629832FE400A3B09E;
			productRefGroup = 871EEA9029832FE400A3B09E /* Products */;
			projectDirPath = "";
			projectRoot = "";
			targets = (
				871EEA8E29832FE400A3B09E /* p01-loocator */,
			);
		};
/* End PBXProject section */

/* Begin PBXResourcesBuildPhase section */
		871EEA8D29832FE400A3B09E /* Resources */ = {
			isa = PBXResourcesBuildPhase;
			buildActionMask = 2147483647;
			files = (
				871EEA9A29832FE500A3B09E /* Preview Assets.xcassets in Resources */,
				871EEA9729832FE500A3B09E /* Assets.xcassets in Resources */,
			);
			runOnlyForDeploymentPostprocessing = 0;
		};
/* End PBXResourcesBuildPhase section */

/* Begin PBXSourcesBuildPhase section */
		871EEA8B29832FE400A3B09E /* Sources */ = {
			isa = PBXSourcesBuildPhase;
			buildActionMask = 2147483647;
			files = (
				871EEA9529832FE400A3B09E /* ContentView.swift in Sources */,
				871EEAA6298330CF00A3B09E /* RestroomSearchViewModel.swift in Sources */,
				871EEAA9298331E100A3B09E /* Restroom.swift in Sources */,
				3453CF0F2997094100AA3B98 /* RestroomBuilder.swift in Sources */,
				871EEAA4298330C800A3B09E /* RestroomSearchService.swift in Sources */,
				3453CF1229970AD300AA3B98 /* RestroomCreationViewModel.swift in Sources */,
				871EEAA2298330BC00A3B09E /* RestroomSearchView.swift in Sources */,
				871EEA9329832FE400A3B09E /* p01_loocatorApp.swift in Sources */,
				343D566E29A689D800E17014 /* RestroomSearchLoadingState.swift in Sources */,
				34C17C862990666400831417 /* Location.swift in Sources */,
				3453CF0D299704C700AA3B98 /* RestroomCreationView.swift in Sources */,
				3453CF1429970AFD00AA3B98 /* RestroomCreationService.swift in Sources */,
				343D566B29A51A6500E17014 /* RestroomCreationState.swift in Sources */,
				34C17C8C299066C100831417 /* LocationManager.swift in Sources */,
			);
			runOnlyForDeploymentPostprocessing = 0;
		};
/* End PBXSourcesBuildPhase section */

/* Begin XCBuildConfiguration section */
		871EEA9B29832FE500A3B09E /* Debug */ = {
			isa = XCBuildConfiguration;
			buildSettings = {
				ALWAYS_SEARCH_USER_PATHS = NO;
				CLANG_ANALYZER_NONNULL = YES;
				CLANG_ANALYZER_NUMBER_OBJECT_CONVERSION = YES_AGGRESSIVE;
				CLANG_CXX_LANGUAGE_STANDARD = "gnu++20";
				CLANG_ENABLE_MODULES = YES;
				CLANG_ENABLE_OBJC_ARC = YES;
				CLANG_ENABLE_OBJC_WEAK = YES;
				CLANG_WARN_BLOCK_CAPTURE_AUTORELEASING = YES;
				CLANG_WARN_BOOL_CONVERSION = YES;
				CLANG_WARN_COMMA = YES;
				CLANG_WARN_CONSTANT_CONVERSION = YES;
				CLANG_WARN_DEPRECATED_OBJC_IMPLEMENTATIONS = YES;
				CLANG_WARN_DIRECT_OBJC_ISA_USAGE = YES_ERROR;
				CLANG_WARN_DOCUMENTATION_COMMENTS = YES;
				CLANG_WARN_EMPTY_BODY = YES;
				CLANG_WARN_ENUM_CONVERSION = YES;
				CLANG_WARN_INFINITE_RECURSION = YES;
				CLANG_WARN_INT_CONVERSION = YES;
				CLANG_WARN_NON_LITERAL_NULL_CONVERSION = YES;
				CLANG_WARN_OBJC_IMPLICIT_RETAIN_SELF = YES;
				CLANG_WARN_OBJC_LITERAL_CONVERSION = YES;
				CLANG_WARN_OBJC_ROOT_CLASS = YES_ERROR;
				CLANG_WARN_QUOTED_INCLUDE_IN_FRAMEWORK_HEADER = YES;
				CLANG_WARN_RANGE_LOOP_ANALYSIS = YES;
				CLANG_WARN_STRICT_PROTOTYPES = YES;
				CLANG_WARN_SUSPICIOUS_MOVE = YES;
				CLANG_WARN_UNGUARDED_AVAILABILITY = YES_AGGRESSIVE;
				CLANG_WARN_UNREACHABLE_CODE = YES;
				CLANG_WARN__DUPLICATE_METHOD_MATCH = YES;
				COPY_PHASE_STRIP = NO;
				DEBUG_INFORMATION_FORMAT = dwarf;
				ENABLE_STRICT_OBJC_MSGSEND = YES;
				ENABLE_TESTABILITY = YES;
				GCC_C_LANGUAGE_STANDARD = gnu11;
				GCC_DYNAMIC_NO_PIC = NO;
				GCC_NO_COMMON_BLOCKS = YES;
				GCC_OPTIMIZATION_LEVEL = 0;
				GCC_PREPROCESSOR_DEFINITIONS = (
					"DEBUG=1",
					"$(inherited)",
				);
				GCC_WARN_64_TO_32_BIT_CONVERSION = YES;
				GCC_WARN_ABOUT_RETURN_TYPE = YES_ERROR;
				GCC_WARN_UNDECLARED_SELECTOR = YES;
				GCC_WARN_UNINITIALIZED_AUTOS = YES_AGGRESSIVE;
				GCC_WARN_UNUSED_FUNCTION = YES;
				GCC_WARN_UNUSED_VARIABLE = YES;
				IPHONEOS_DEPLOYMENT_TARGET = 16.2;
				MTL_ENABLE_DEBUG_INFO = INCLUDE_SOURCE;
				MTL_FAST_MATH = YES;
				ONLY_ACTIVE_ARCH = YES;
				SDKROOT = iphoneos;
				SWIFT_ACTIVE_COMPILATION_CONDITIONS = DEBUG;
				SWIFT_OPTIMIZATION_LEVEL = "-Onone";
			};
			name = Debug;
		};
		871EEA9C29832FE500A3B09E /* Release */ = {
			isa = XCBuildConfiguration;
			buildSettings = {
				ALWAYS_SEARCH_USER_PATHS = NO;
				CLANG_ANALYZER_NONNULL = YES;
				CLANG_ANALYZER_NUMBER_OBJECT_CONVERSION = YES_AGGRESSIVE;
				CLANG_CXX_LANGUAGE_STANDARD = "gnu++20";
				CLANG_ENABLE_MODULES = YES;
				CLANG_ENABLE_OBJC_ARC = YES;
				CLANG_ENABLE_OBJC_WEAK = YES;
				CLANG_WARN_BLOCK_CAPTURE_AUTORELEASING = YES;
				CLANG_WARN_BOOL_CONVERSION = YES;
				CLANG_WARN_COMMA = YES;
				CLANG_WARN_CONSTANT_CONVERSION = YES;
				CLANG_WARN_DEPRECATED_OBJC_IMPLEMENTATIONS = YES;
				CLANG_WARN_DIRECT_OBJC_ISA_USAGE = YES_ERROR;
				CLANG_WARN_DOCUMENTATION_COMMENTS = YES;
				CLANG_WARN_EMPTY_BODY = YES;
				CLANG_WARN_ENUM_CONVERSION = YES;
				CLANG_WARN_INFINITE_RECURSION = YES;
				CLANG_WARN_INT_CONVERSION = YES;
				CLANG_WARN_NON_LITERAL_NULL_CONVERSION = YES;
				CLANG_WARN_OBJC_IMPLICIT_RETAIN_SELF = YES;
				CLANG_WARN_OBJC_LITERAL_CONVERSION = YES;
				CLANG_WARN_OBJC_ROOT_CLASS = YES_ERROR;
				CLANG_WARN_QUOTED_INCLUDE_IN_FRAMEWORK_HEADER = YES;
				CLANG_WARN_RANGE_LOOP_ANALYSIS = YES;
				CLANG_WARN_STRICT_PROTOTYPES = YES;
				CLANG_WARN_SUSPICIOUS_MOVE = YES;
				CLANG_WARN_UNGUARDED_AVAILABILITY = YES_AGGRESSIVE;
				CLANG_WARN_UNREACHABLE_CODE = YES;
				CLANG_WARN__DUPLICATE_METHOD_MATCH = YES;
				COPY_PHASE_STRIP = NO;
				DEBUG_INFORMATION_FORMAT = "dwarf-with-dsym";
				ENABLE_NS_ASSERTIONS = NO;
				ENABLE_STRICT_OBJC_MSGSEND = YES;
				GCC_C_LANGUAGE_STANDARD = gnu11;
				GCC_NO_COMMON_BLOCKS = YES;
				GCC_WARN_64_TO_32_BIT_CONVERSION = YES;
				GCC_WARN_ABOUT_RETURN_TYPE = YES_ERROR;
				GCC_WARN_UNDECLARED_SELECTOR = YES;
				GCC_WARN_UNINITIALIZED_AUTOS = YES_AGGRESSIVE;
				GCC_WARN_UNUSED_FUNCTION = YES;
				GCC_WARN_UNUSED_VARIABLE = YES;
				IPHONEOS_DEPLOYMENT_TARGET = 16.2;
				MTL_ENABLE_DEBUG_INFO = NO;
				MTL_FAST_MATH = YES;
				SDKROOT = iphoneos;
				SWIFT_COMPILATION_MODE = wholemodule;
				SWIFT_OPTIMIZATION_LEVEL = "-O";
				VALIDATE_PRODUCT = YES;
			};
			name = Release;
		};
		871EEA9E29832FE500A3B09E /* Debug */ = {
			isa = XCBuildConfiguration;
			buildSettings = {
				ASSETCATALOG_COMPILER_APPICON_NAME = AppIcon;
				ASSETCATALOG_COMPILER_GLOBAL_ACCENT_COLOR_NAME = AccentColor;
				CODE_SIGN_STYLE = Automatic;
				CURRENT_PROJECT_VERSION = 1;
				DEVELOPMENT_ASSET_PATHS = "\"p01-loocator/Preview Content\"";
				DEVELOPMENT_TEAM = 6C894L8XAD;
				ENABLE_PREVIEWS = YES;
				GENERATE_INFOPLIST_FILE = YES;
				INFOPLIST_FILE = "p01-loocator/Info.plist";
				INFOPLIST_KEY_NSLocationWhenInUseUsageDescription = "Use Location Please";
				INFOPLIST_KEY_UIApplicationSupportsIndirectInputEvents = YES;
				INFOPLIST_KEY_UILaunchScreen_Generation = YES;
				INFOPLIST_KEY_UISupportedInterfaceOrientations_iPad = "UIInterfaceOrientationPortrait UIInterfaceOrientationPortraitUpsideDown UIInterfaceOrientationLandscapeLeft UIInterfaceOrientationLandscapeRight";
				INFOPLIST_KEY_UISupportedInterfaceOrientations_iPhone = "UIInterfaceOrientationPortrait UIInterfaceOrientationLandscapeLeft UIInterfaceOrientationLandscapeRight";
				LD_RUNPATH_SEARCH_PATHS = (
					"$(inherited)",
					"@executable_path/Frameworks",
				);
				MARKETING_VERSION = 1.0;
				PRODUCT_BUNDLE_IDENTIFIER = "com.wmwang.p01-loocator";
				PRODUCT_NAME = "$(TARGET_NAME)";
				SWIFT_EMIT_LOC_STRINGS = YES;
				SWIFT_VERSION = 5.0;
				TARGETED_DEVICE_FAMILY = "1,2";
			};
			name = Debug;
		};
		871EEA9F29832FE500A3B09E /* Release */ = {
			isa = XCBuildConfiguration;
			buildSettings = {
				ASSETCATALOG_COMPILER_APPICON_NAME = AppIcon;
				ASSETCATALOG_COMPILER_GLOBAL_ACCENT_COLOR_NAME = AccentColor;
				CODE_SIGN_STYLE = Automatic;
				CURRENT_PROJECT_VERSION = 1;
				DEVELOPMENT_ASSET_PATHS = "\"p01-loocator/Preview Content\"";
				DEVELOPMENT_TEAM = 6C894L8XAD;
				ENABLE_PREVIEWS = YES;
				GENERATE_INFOPLIST_FILE = YES;
				INFOPLIST_FILE = "p01-loocator/Info.plist";
				INFOPLIST_KEY_NSLocationWhenInUseUsageDescription = "Use Location Please";
				INFOPLIST_KEY_UIApplicationSupportsIndirectInputEvents = YES;
				INFOPLIST_KEY_UILaunchScreen_Generation = YES;
				INFOPLIST_KEY_UISupportedInterfaceOrientations_iPad = "UIInterfaceOrientationPortrait UIInterfaceOrientationPortraitUpsideDown UIInterfaceOrientationLandscapeLeft UIInterfaceOrientationLandscapeRight";
				INFOPLIST_KEY_UISupportedInterfaceOrientations_iPhone = "UIInterfaceOrientationPortrait UIInterfaceOrientationLandscapeLeft UIInterfaceOrientationLandscapeRight";
				LD_RUNPATH_SEARCH_PATHS = (
					"$(inherited)",
					"@executable_path/Frameworks",
				);
				MARKETING_VERSION = 1.0;
				PRODUCT_BUNDLE_IDENTIFIER = "com.samuelshi.p01-loocator";
				PRODUCT_NAME = "$(TARGET_NAME)";
				SWIFT_EMIT_LOC_STRINGS = YES;
				SWIFT_VERSION = 5.0;
				TARGETED_DEVICE_FAMILY = "1,2";
			};
			name = Release;
		};
/* End XCBuildConfiguration section */

/* Begin XCConfigurationList section */
		871EEA8A29832FE400A3B09E /* Build configuration list for PBXProject "p01-loocator" */ = {
			isa = XCConfigurationList;
			buildConfigurations = (
				871EEA9B29832FE500A3B09E /* Debug */,
				871EEA9C29832FE500A3B09E /* Release */,
			);
			defaultConfigurationIsVisible = 0;
			defaultConfigurationName = Release;
		};
		871EEA9D29832FE500A3B09E /* Build configuration list for PBXNativeTarget "p01-loocator" */ = {
			isa = XCConfigurationList;
			buildConfigurations = (
				871EEA9E29832FE500A3B09E /* Debug */,
				871EEA9F29832FE500A3B09E /* Release */,
			);
			defaultConfigurationIsVisible = 0;
			defaultConfigurationName = Release;
		};
/* End XCConfigurationList section */
	};
	rootObject = 871EEA8729832FE400A3B09E /* Project object */;
}
